
Microsoft Visual Studio Solution File, Format Version 12.00
# Visual Studio Version 17
VisualStudioVersion = 17.2.32630.192
MinimumVisualStudioVersion = 10.0.40219.1
Project("{9A19103F-16F7-4668-BE54-9A1E7A4F7556}") = "R5T.Z0050.Construction", "R5T.Z0050.Construction\R5T.Z0050.Construction.csproj", "{2900A29A-FD99-4BF2-9BC8-72FBA7605D0A}"
EndProject
Project("{9A19103F-16F7-4668-BE54-9A1E7A4F7556}") = "R5T.Z0050", "R5T.Z0050\R5T.Z0050.csproj", "{1682AF64-59F5-4145-A8AF-760FE7982EC1}"
EndProject
Project("{2150E333-8FDC-42A3-9474-1A3956D46DE8}") = "_Dependencies", "_Dependencies", "{7B76BF5C-5E62-454C-A256-3495A043400A}"
EndProject
Project("{9A19103F-16F7-4668-BE54-9A1E7A4F7556}") = "R5T.F0000", "..\..\R5T.F0000\source\R5T.F0000\R5T.F0000.csproj", "{4681F9C9-D4AC-4A51-9F87-7FF17DC0FE6A}"
EndProject
Project("{9A19103F-16F7-4668-BE54-9A1E7A4F7556}") = "R5T.T0131", "..\..\R5T.T0131\source\R5T.T0131\R5T.T0131.csproj", "{126220C1-B24D-4BD7-9BAA-22015C3656B7}"
EndProject
Project("{9A19103F-16F7-4668-BE54-9A1E7A4F7556}") = "R5T.T0132", "..\..\R5T.T0132\source\R5T.T0132\R5T.T0132.csproj", "{049B4B7E-29EF-4DE8-854E-8154B43255F8}"
EndProject
Project("{9A19103F-16F7-4668-BE54-9A1E7A4F7556}") = "R5T.T0142", "..\..\R5T.T0142\source\R5T.T0142\R5T.T0142.csproj", "{BD9EFE85-F086-4006-BBA2-3ADABC6F324F}"
EndProject
Project("{9A19103F-16F7-4668-BE54-9A1E7A4F7556}") = "R5T.T0143", "..\..\R5T.T0143\source\R5T.T0143\R5T.T0143.csproj", "{87E365FA-049C-471B-BD34-B9A427982167}"
EndProject
Project("{9A19103F-16F7-4668-BE54-9A1E7A4F7556}") = "R5T.T0156", "..\..\R5T.T0156\source\R5T.T0156\R5T.T0156.csproj", "{E61AC173-2350-4766-86A6-AF45AE55F755}"
EndProject
Project("{9A19103F-16F7-4668-BE54-9A1E7A4F7556}") = "R5T.T0178", "..\..\R5T.T0178\source\R5T.T0178\R5T.T0178.csproj", "{8F4E9713-5181-4ACE-A2C0-5CA3888B1E53}"
EndProject
Project("{9A19103F-16F7-4668-BE54-9A1E7A4F7556}") = "R5T.T0179", "..\..\R5T.T0179\source\R5T.T0179\R5T.T0179.csproj", "{21B441DA-E1B8-41B8-A9CF-3387AF502B03}"
EndProject
Project("{9A19103F-16F7-4668-BE54-9A1E7A4F7556}") = "R5T.T0205", "..\..\R5T.T0205\source\R5T.T0205\R5T.T0205.csproj", "{49203425-B961-42D8-85A3-857EF2D2631E}"
EndProject
Project("{9A19103F-16F7-4668-BE54-9A1E7A4F7556}") = "R5T.Y0000", "..\..\R5T.Y0000\source\R5T.Y0000\R5T.Y0000.csproj", "{7E277D1F-18A2-4045-AB46-D8125FB55C8A}"
EndProject
Project("{9A19103F-16F7-4668-BE54-9A1E7A4F7556}") = "R5T.Z0000", "..\..\R5T.Z0000\source\R5T.Z0000\R5T.Z0000.csproj", "{6ED4BD2F-DBC7-4117-8E8E-77BF9B72CC4F}"
EndProject
Global
	GlobalSection(NestedProjects) = preSolution
		{4681F9C9-D4AC-4A51-9F87-7FF17DC0FE6A} = {7B76BF5C-5E62-454C-A256-3495A043400A}
		{126220C1-B24D-4BD7-9BAA-22015C3656B7} = {7B76BF5C-5E62-454C-A256-3495A043400A}
		{049B4B7E-29EF-4DE8-854E-8154B43255F8} = {7B76BF5C-5E62-454C-A256-3495A043400A}
		{BD9EFE85-F086-4006-BBA2-3ADABC6F324F} = {7B76BF5C-5E62-454C-A256-3495A043400A}
		{87E365FA-049C-471B-BD34-B9A427982167} = {7B76BF5C-5E62-454C-A256-3495A043400A}
		{E61AC173-2350-4766-86A6-AF45AE55F755} = {7B76BF5C-5E62-454C-A256-3495A043400A}
		{8F4E9713-5181-4ACE-A2C0-5CA3888B1E53} = {7B76BF5C-5E62-454C-A256-3495A043400A}
		{21B441DA-E1B8-41B8-A9CF-3387AF502B03} = {7B76BF5C-5E62-454C-A256-3495A043400A}
		{49203425-B961-42D8-85A3-857EF2D2631E} = {7B76BF5C-5E62-454C-A256-3495A043400A}
		{7E277D1F-18A2-4045-AB46-D8125FB55C8A} = {7B76BF5C-5E62-454C-A256-3495A043400A}
		{6ED4BD2F-DBC7-4117-8E8E-77BF9B72CC4F} = {7B76BF5C-5E62-454C-A256-3495A043400A}
	EndGlobalSection
	GlobalSection(SolutionConfigurationPlatforms) = preSolution
		Debug|Any CPU = Debug|Any CPU
		Release|Any CPU = Release|Any CPU
	EndGlobalSection
	GlobalSection(ProjectConfigurationPlatforms) = postSolution
		{2900A29A-FD99-4BF2-9BC8-72FBA7605D0A}.Debug|Any CPU.ActiveCfg = Debug|Any CPU
		{2900A29A-FD99-4BF2-9BC8-72FBA7605D0A}.Debug|Any CPU.Build.0 = Debug|Any CPU
		{2900A29A-FD99-4BF2-9BC8-72FBA7605D0A}.Release|Any CPU.ActiveCfg = Release|Any CPU
		{2900A29A-FD99-4BF2-9BC8-72FBA7605D0A}.Release|Any CPU.Build.0 = Release|Any CPU
		{1682AF64-59F5-4145-A8AF-760FE7982EC1}.Debug|Any CPU.ActiveCfg = Debug|Any CPU
		{1682AF64-59F5-4145-A8AF-760FE7982EC1}.Debug|Any CPU.Build.0 = Debug|Any CPU
		{1682AF64-59F5-4145-A8AF-760FE7982EC1}.Release|Any CPU.ActiveCfg = Release|Any CPU
		{1682AF64-59F5-4145-A8AF-760FE7982EC1}.Release|Any CPU.Build.0 = Release|Any CPU
		{4681F9C9-D4AC-4A51-9F87-7FF17DC0FE6A}.Debug|Any CPU.ActiveCfg = Debug|Any CPU
		{4681F9C9-D4AC-4A51-9F87-7FF17DC0FE6A}.Debug|Any CPU.Build.0 = Debug|Any CPU
		{4681F9C9-D4AC-4A51-9F87-7FF17DC0FE6A}.Release|Any CPU.ActiveCfg = Release|Any CPU
		{4681F9C9-D4AC-4A51-9F87-7FF17DC0FE6A}.Release|Any CPU.Build.0 = Release|Any CPU
		{126220C1-B24D-4BD7-9BAA-22015C3656B7}.Debug|Any CPU.ActiveCfg = Debug|Any CPU
		{126220C1-B24D-4BD7-9BAA-22015C3656B7}.Debug|Any CPU.Build.0 = Debug|Any CPU
		{126220C1-B24D-4BD7-9BAA-22015C3656B7}.Release|Any CPU.ActiveCfg = Release|Any CPU
		{126220C1-B24D-4BD7-9BAA-22015C3656B7}.Release|Any CPU.Build.0 = Release|Any CPU
		{049B4B7E-29EF-4DE8-854E-8154B43255F8}.Debug|Any CPU.ActiveCfg = Debug|Any CPU
		{049B4B7E-29EF-4DE8-854E-8154B43255F8}.Debug|Any CPU.Build.0 = Debug|Any CPU
		{049B4B7E-29EF-4DE8-854E-8154B43255F8}.Release|Any CPU.ActiveCfg = Release|Any CPU
		{049B4B7E-29EF-4DE8-854E-8154B43255F8}.Release|Any CPU.Build.0 = Release|Any CPU
		{BD9EFE85-F086-4006-BBA2-3ADABC6F324F}.Debug|Any CPU.ActiveCfg = Debug|Any CPU
		{BD9EFE85-F086-4006-BBA2-3ADABC6F324F}.Debug|Any CPU.Build.0 = Debug|Any CPU
		{BD9EFE85-F086-4006-BBA2-3ADABC6F324F}.Release|Any CPU.ActiveCfg = Release|Any CPU
		{BD9EFE85-F086-4006-BBA2-3ADABC6F324F}.Release|Any CPU.Build.0 = Release|Any CPU
		{87E365FA-049C-471B-BD34-B9A427982167}.Debug|Any CPU.ActiveCfg = Debug|Any CPU
		{87E365FA-049C-471B-BD34-B9A427982167}.Debug|Any CPU.Build.0 = Debug|Any CPU
		{87E365FA-049C-471B-BD34-B9A427982167}.Release|Any CPU.ActiveCfg = Release|Any CPU
		{87E365FA-049C-471B-BD34-B9A427982167}.Release|Any CPU.Build.0 = Release|Any CPU
		{E61AC173-2350-4766-86A6-AF45AE55F755}.Debug|Any CPU.ActiveCfg = Debug|Any CPU
		{E61AC173-2350-4766-86A6-AF45AE55F755}.Debug|Any CPU.Build.0 = Debug|Any CPU
		{E61AC173-2350-4766-86A6-AF45AE55F755}.Release|Any CPU.ActiveCfg = Release|Any CPU
		{E61AC173-2350-4766-86A6-AF45AE55F755}.Release|Any CPU.Build.0 = Release|Any CPU
		{8F4E9713-5181-4ACE-A2C0-5CA3888B1E53}.Debug|Any CPU.ActiveCfg = Debug|Any CPU
		{8F4E9713-5181-4ACE-A2C0-5CA3888B1E53}.Debug|Any CPU.Build.0 = Debug|Any CPU
		{8F4E9713-5181-4ACE-A2C0-5CA3888B1E53}.Release|Any CPU.ActiveCfg = Release|Any CPU
		{8F4E9713-5181-4ACE-A2C0-5CA3888B1E53}.Release|Any CPU.Build.0 = Release|Any CPU
		{21B441DA-E1B8-41B8-A9CF-3387AF502B03}.Debug|Any CPU.ActiveCfg = Debug|Any CPU
		{21B441DA-E1B8-41B8-A9CF-3387AF502B03}.Debug|Any CPU.Build.0 = Debug|Any CPU
		{21B441DA-E1B8-41B8-A9CF-3387AF502B03}.Release|Any CPU.ActiveCfg = Release|Any CPU
		{21B441DA-E1B8-41B8-A9CF-3387AF502B03}.Release|Any CPU.Build.0 = Release|Any CPU
		{49203425-B961-42D8-85A3-857EF2D2631E}.Debug|Any CPU.ActiveCfg = Debug|Any CPU
		{49203425-B961-42D8-85A3-857EF2D2631E}.Debug|Any CPU.Build.0 = Debug|Any CPU
		{49203425-B961-42D8-85A3-857EF2D2631E}.Release|Any CPU.ActiveCfg = Release|Any CPU
		{49203425-B961-42D8-85A3-857EF2D2631E}.Release|Any CPU.Build.0 = Release|Any CPU
		{7E277D1F-18A2-4045-AB46-D8125FB55C8A}.Debug|Any CPU.ActiveCfg = Debug|Any CPU
		{7E277D1F-18A2-4045-AB46-D8125FB55C8A}.Debug|Any CPU.Build.0 = Debug|Any CPU
		{7E277D1F-18A2-4045-AB46-D8125FB55C8A}.Release|Any CPU.ActiveCfg = Release|Any CPU
		{7E277D1F-18A2-4045-AB46-D8125FB55C8A}.Release|Any CPU.Build.0 = Release|Any CPU
		{6ED4BD2F-DBC7-4117-8E8E-77BF9B72CC4F}.Debug|Any CPU.ActiveCfg = Debug|Any CPU
		{6ED4BD2F-DBC7-4117-8E8E-77BF9B72CC4F}.Debug|Any CPU.Build.0 = Debug|Any CPU
		{6ED4BD2F-DBC7-4117-8E8E-77BF9B72CC4F}.Release|Any CPU.ActiveCfg = Release|Any CPU
		{6ED4BD2F-DBC7-4117-8E8E-77BF9B72CC4F}.Release|Any CPU.Build.0 = Release|Any CPU
	EndGlobalSection
	GlobalSection(SolutionProperties) = preSolution
		HideSolutionNode = FALSE
	EndGlobalSection
	GlobalSection(ExtensibilityGlobals) = postSolution
		SolutionGuid = {C4D07EC2-5952-4FDB-8FDB-BFE5C5F9F3C8}
	EndGlobalSection
EndGlobal
