
Microsoft Visual Studio Solution File, Format Version 12.00
# Visual Studio Version 17
VisualStudioVersion = 17.2.32630.192
MinimumVisualStudioVersion = 10.0.40219.1
Project("{9A19103F-16F7-4668-BE54-9A1E7A4F7556}") = "R5T.Z0050.Construction", "R5T.Z0050.Construction\R5T.Z0050.Construction.csproj", "{2900A29A-FD99-4BF2-9BC8-72FBA7605D0A}"
EndProject
Project("{9A19103F-16F7-4668-BE54-9A1E7A4F7556}") = "R5T.Z0050", "R5T.Z0050\R5T.Z0050.csproj", "{1682AF64-59F5-4145-A8AF-760FE7982EC1}"
EndProject
Project("{2150E333-8FDC-42A3-9474-1A3956D46DE8}") = "_Dependencies", "_Dependencies", "{7B76BF5C-5E62-454C-A256-3495A043400A}"
EndProject
Project("{9A19103F-16F7-4668-BE54-9A1E7A4F7556}") = "R5T.F0000", "..\..\R5T.F0000\source\R5T.F0000\R5T.F0000.csproj", "{4681F9C9-D4AC-4A51-9F87-7FF17DC0FE6A}"
EndProject
Project("{9A19103F-16F7-4668-BE54-9A1E7A4F7556}") = "R5T.T0131", "..\..\R5T.T0131\source\R5T.T0131\R5T.T0131.csproj", "{126220C1-B24D-4BD7-9BAA-22015C3656B7}"
EndProject
Project("{9A19103F-16F7-4668-BE54-9A1E7A4F7556}") = "R5T.T0132", "..\..\R5T.T0132\source\R5T.T0132\R5T.T0132.csproj", "{049B4B7E-29EF-4DE8-854E-8154B43255F8}"
EndProject
Project("{9A19103F-16F7-4668-BE54-9A1E7A4F7556}") = "R5T.T0142", "..\..\R5T.T0142\source\R5T.T0142\R5T.T0142.csproj", "{BD9EFE85-F086-4006-BBA2-3ADABC6F324F}"
EndProject
Project("{9A19103F-16F7-4668-BE54-9A1E7A4F7556}") = "R5T.T0143", "..\..\R5T.T0143\source\R5T.T0143\R5T.T0143.csproj", "{87E365FA-049C-471B-BD34-B9A427982167}"
EndProject
Project("{9A19103F-16F7-4668-BE54-9A1E7A4F7556}") = "R5T.T0156", "..\..\R5T.T0156\source\R5T.T0156\R5T.T0156.csproj", "{E61AC173-2350-4766-86A6-AF45AE55F755}"
EndProject
Project("{9A19103F-16F7-4668-BE54-9A1E7A4F7556}") = "R5T.T0178", "..\..\R5T.T0178\source\R5T.T0178\R5T.T0178.csproj", "{8F4E9713-5181-4ACE-A2C0-5CA3888B1E53}"
EndProject
Project("{9A19103F-16F7-4668-BE54-9A1E7A4F7556}") = "R5T.T0179", "..\..\R5T.T0179\source\R5T.T0179\R5T.T0179.csproj", "{21B441DA-E1B8-41B8-A9CF-3387AF502B03}"
EndProject
Project("{9A19103F-16F7-4668-BE54-9A1E7A4F7556}") = "R5T.T0205", "..\..\R5T.T0205\source\R5T.T0205\R5T.T0205.csproj", "{49203425-B961-42D8-85A3-857EF2D2631E}"
EndProject
Project("{9A19103F-16F7-4668-BE54-9A1E7A4F7556}") = "R5T.Y0000", "..\..\R5T.Y0000\source\R5T.Y0000\R5T.Y0000.csproj", "{7E277D1F-18A2-4045-AB46-D8125FB55C8A}"
EndProject
Project("{9A19103F-16F7-4668-BE54-9A1E7A4F7556}") = "R5T.Z0000", "..\..\R5T.Z0000\source\R5T.Z0000\R5T.Z0000.csproj", "{6ED4BD2F-DBC7-4117-8E8E-77BF9B72CC4F}"
EndProject
Project("{9A19103F-16F7-4668-BE54-9A1E7A4F7556}") = "R5T.L0053", "..\..\R5T.L0053\source\R5T.L0053\R5T.L0053.csproj", "{79B09D3F-622F-4B66-B50C-CE239F17A82A}"
EndProject
Project("{9A19103F-16F7-4668-BE54-9A1E7A4F7556}") = "R5T.L0066", "..\..\R5T.L0066\source\R5T.L0066\R5T.L0066.csproj", "{FCF47357-7FA2-4A0F-891E-5D019C67D032}"
EndProject
Project("{9A19103F-16F7-4668-BE54-9A1E7A4F7556}") = "R5T.T0221", "..\..\R5T.T0221\source\R5T.T0221\R5T.T0221.csproj", "{30FA682D-CA34-42C0-9056-DD2D69329A8C}"
EndProject
Project("{9A19103F-16F7-4668-BE54-9A1E7A4F7556}") = "R5T.Y0006", "..\..\R5T.Y0006\source\R5T.Y0006\R5T.Y0006.csproj", "{9903FDFC-EAE8-4370-8344-3B4A602BF9D2}"
EndProject
Project("{9A19103F-16F7-4668-BE54-9A1E7A4F7556}") = "R5T.Z0010.Platform", "..\..\R5T.Z0010\source\R5T.Z0010.Platform\R5T.Z0010.Platform.csproj", "{E33336F0-BB37-4DA8-A5A8-D6A237C0A634}"
EndProject
Project("{9A19103F-16F7-4668-BE54-9A1E7A4F7556}") = "R5T.Z0050.Z001", "R5T.Z0050.Z001\R5T.Z0050.Z001.csproj", "{704E7525-9427-4C5C-8435-F4C02EA54EAC}"
EndProject
Project("{9A19103F-16F7-4668-BE54-9A1E7A4F7556}") = "R5T.F0002", "..\..\R5T.F0002\source\R5T.F0002\R5T.F0002.csproj", "{BA81A3DA-8075-45E3-9C5F-A3ED085F654E}"
EndProject
Project("{9A19103F-16F7-4668-BE54-9A1E7A4F7556}") = "R5T.F0059", "..\..\R5T.F0059\source\R5T.F0059\R5T.F0059.csproj", "{E2264013-AAC1-49D8-AC50-4A8598F31121}"
EndProject
Project("{9A19103F-16F7-4668-BE54-9A1E7A4F7556}") = "R5T.F0120", "..\..\R5T.F0120\source\R5T.F0120\R5T.F0120.csproj", "{9EFECF2F-6368-47C7-8B2D-4B01DF4BAD24}"
EndProject
Project("{9A19103F-16F7-4668-BE54-9A1E7A4F7556}") = "R5T.F0124", "..\..\R5T.F0124\source\R5T.F0124\R5T.F0124.csproj", "{54F646DE-43AE-4522-A7FA-5BEBCA58524A}"
EndProject
Project("{9A19103F-16F7-4668-BE54-9A1E7A4F7556}") = "R5T.F0125", "..\..\R5T.F0125\source\R5T.F0125\R5T.F0125.csproj", "{E96BDEAC-5A19-4E90-ABDA-F999E3F567F3}"
EndProject
Project("{9A19103F-16F7-4668-BE54-9A1E7A4F7556}") = "R5T.L0030.T000", "..\..\R5T.L0030\source\R5T.L0030.T000\R5T.L0030.T000.csproj", "{A7DCFB31-DE08-4C38-A6FD-8B83A9D444C7}"
EndProject
Project("{9A19103F-16F7-4668-BE54-9A1E7A4F7556}") = "R5T.L0030", "..\..\R5T.L0030\source\R5T.L0030\R5T.L0030.csproj", "{E5299E45-B3D7-415D-97FC-95FA81D028F2}"
EndProject
Project("{9A19103F-16F7-4668-BE54-9A1E7A4F7556}") = "R5T.L0034", "..\..\R5T.L0034\source\R5T.L0034\R5T.L0034.csproj", "{5FF35404-BF74-4C26-B41D-10B98C7529D3}"
EndProject
Project("{9A19103F-16F7-4668-BE54-9A1E7A4F7556}") = "R5T.L0035", "..\..\R5T.L0035\source\R5T.L0035\R5T.L0035.csproj", "{4BE148DC-1A04-4849-982B-1B368CC61E05}"
EndProject
Project("{9A19103F-16F7-4668-BE54-9A1E7A4F7556}") = "R5T.L0056", "..\..\R5T.L0056\source\R5T.L0056\R5T.L0056.csproj", "{A10C45B9-CAC7-439A-95BB-99CD7EB99EA9}"
EndProject
Project("{9A19103F-16F7-4668-BE54-9A1E7A4F7556}") = "R5T.L0071", "..\..\R5T.L0071\source\R5T.L0071\R5T.L0071.csproj", "{6CCD6D1A-BF11-42D4-9C8D-750FDFF81FF2}"
EndProject
Project("{9A19103F-16F7-4668-BE54-9A1E7A4F7556}") = "R5T.L0074", "..\..\R5T.L0074\source\R5T.L0074\R5T.L0074.csproj", "{CC3C793D-0340-43AF-9F38-CF1BD8CF0BAA}"
EndProject
Project("{9A19103F-16F7-4668-BE54-9A1E7A4F7556}") = "R5T.NG0006", "..\..\R5T.NG0006\source\R5T.NG0006\R5T.NG0006.csproj", "{6B653F59-3B40-4FF5-83F5-C6B064D333FA}"
EndProject
Project("{9A19103F-16F7-4668-BE54-9A1E7A4F7556}") = "R5T.NG0022", "..\..\R5T.NG0022\source\R5T.NG0022\R5T.NG0022.csproj", "{6A73C637-AB63-4A4B-BFB7-88453F7AD558}"
EndProject
Project("{9A19103F-16F7-4668-BE54-9A1E7A4F7556}") = "R5T.T0150", "..\..\R5T.T0150\source\R5T.T0150\R5T.T0150.csproj", "{0E83F886-8C18-4B5C-8305-12A67EFCF13C}"
EndProject
Project("{9A19103F-16F7-4668-BE54-9A1E7A4F7556}") = "R5T.T0151", "..\..\R5T.T0151\source\R5T.T0151\R5T.T0151.csproj", "{AA3F27DE-437E-4517-B211-7D83BB491403}"
EndProject
Project("{9A19103F-16F7-4668-BE54-9A1E7A4F7556}") = "R5T.T0158", "..\..\R5T.T0158\source\R5T.T0158\R5T.T0158.csproj", "{A9004394-A4CD-421C-BE5D-BE92D53B980D}"
EndProject
Project("{9A19103F-16F7-4668-BE54-9A1E7A4F7556}") = "R5T.T0159", "..\..\R5T.T0159\source\R5T.T0159\R5T.T0159.csproj", "{530BC738-D02A-40BF-BF38-D26968A1D058}"
EndProject
Project("{9A19103F-16F7-4668-BE54-9A1E7A4F7556}") = "R5T.T0172", "..\..\R5T.T0172\source\R5T.T0172\R5T.T0172.csproj", "{43E51601-C46F-45DE-8010-D7D1C9EB2B49}"
EndProject
Project("{9A19103F-16F7-4668-BE54-9A1E7A4F7556}") = "R5T.T0174", "..\..\R5T.T0174\source\R5T.T0174\R5T.T0174.csproj", "{597C7F68-F332-4013-9FD4-2258C6CB5C6D}"
EndProject
Project("{9A19103F-16F7-4668-BE54-9A1E7A4F7556}") = "R5T.T0176", "..\..\R5T.T0176\source\R5T.T0176\R5T.T0176.csproj", "{B2FB5D64-ED26-4A90-B673-8CD3C2FBDBDD}"
EndProject
Project("{9A19103F-16F7-4668-BE54-9A1E7A4F7556}") = "R5T.T0177", "..\..\R5T.T0177\source\R5T.T0177\R5T.T0177.csproj", "{1F470D7D-59EA-47FC-AAE0-6901E14A8D11}"
EndProject
Project("{9A19103F-16F7-4668-BE54-9A1E7A4F7556}") = "R5T.T0180", "..\..\R5T.T0180\source\R5T.T0180\R5T.T0180.csproj", "{6315E869-A535-45A7-B224-1A5D0E246F60}"
EndProject
Project("{9A19103F-16F7-4668-BE54-9A1E7A4F7556}") = "R5T.T0181", "..\..\R5T.T0181\source\R5T.T0181\R5T.T0181.csproj", "{140094D7-E0E6-4CB9-8C6E-552B7701218F}"
EndProject
Project("{9A19103F-16F7-4668-BE54-9A1E7A4F7556}") = "R5T.T0185", "..\..\R5T.T0185\source\R5T.T0185\R5T.T0185.csproj", "{EC33A162-828E-4522-BC49-EF5CD4292543}"
EndProject
Project("{9A19103F-16F7-4668-BE54-9A1E7A4F7556}") = "R5T.T0199.T000", "..\..\R5T.T0199\source\R5T.T0199.T000\R5T.T0199.T000.csproj", "{FDE0DA32-ABE2-4F06-A883-C0105134B263}"
EndProject
Project("{9A19103F-16F7-4668-BE54-9A1E7A4F7556}") = "R5T.T0199.T001", "..\..\R5T.T0199\source\R5T.T0199.T001\R5T.T0199.T001.csproj", "{43125624-46F3-4D04-9D67-9EC6C25FEC98}"
EndProject
Project("{9A19103F-16F7-4668-BE54-9A1E7A4F7556}") = "R5T.T0199", "..\..\R5T.T0199\source\R5T.T0199\R5T.T0199.csproj", "{B6A77A4F-4521-43B0-AE9F-C2A983CBA329}"
EndProject
Project("{9A19103F-16F7-4668-BE54-9A1E7A4F7556}") = "R5T.T0203", "..\..\R5T.T0203\source\R5T.T0203\R5T.T0203.csproj", "{5684D47B-954A-496E-A286-AD6F91B03EE7}"
EndProject
Project("{9A19103F-16F7-4668-BE54-9A1E7A4F7556}") = "R5T.T0213", "..\..\R5T.T0213\source\R5T.T0213\R5T.T0213.csproj", "{822983E1-292B-4E78-92D7-C8B19C7FD711}"
EndProject
Project("{9A19103F-16F7-4668-BE54-9A1E7A4F7556}") = "R5T.T0218", "..\..\R5T.T0218\source\R5T.T0218\R5T.T0218.csproj", "{1A4BED48-EFF5-40E9-A143-2E8F329FEB9F}"
EndProject
Project("{9A19103F-16F7-4668-BE54-9A1E7A4F7556}") = "R5T.T0219", "..\..\R5T.T0219\source\R5T.T0219\R5T.T0219.csproj", "{1135E75F-0149-48D3-A91B-0711A4E4B1C5}"
EndProject
Project("{9A19103F-16F7-4668-BE54-9A1E7A4F7556}") = "R5T.T0220", "..\..\R5T.T0220\source\R5T.T0220\R5T.T0220.csproj", "{A351AB13-4F38-4E5C-80B2-2D547697EE78}"
EndProject
Project("{9A19103F-16F7-4668-BE54-9A1E7A4F7556}") = "R5T.T0227", "..\..\R5T.T0227\source\R5T.T0227\R5T.T0227.csproj", "{49A325AC-C40C-4C30-B4A9-31CDC075B1A3}"
EndProject
Project("{9A19103F-16F7-4668-BE54-9A1E7A4F7556}") = "R5T.Z0010", "..\..\R5T.Z0010\source\R5T.Z0010\R5T.Z0010.csproj", "{1D1E5F9D-1570-482E-B9D0-DF44055107AB}"
EndProject
Project("{9A19103F-16F7-4668-BE54-9A1E7A4F7556}") = "R5T.Z0057.Platform", "..\..\R5T.Z0057\source\R5T.Z0057.Platform\R5T.Z0057.Platform.csproj", "{FDA20CB6-B279-4F42-8D4B-AB2D4742EBFC}"
EndProject
Project("{9A19103F-16F7-4668-BE54-9A1E7A4F7556}") = "R5T.Z0057", "..\..\R5T.Z0057\source\R5T.Z0057\R5T.Z0057.csproj", "{70ECA5FD-5AD8-471D-B580-6A937CC7E7E4}"
EndProject
Project("{9A19103F-16F7-4668-BE54-9A1E7A4F7556}") = "R5T.Z0058", "..\..\R5T.Z0058\source\R5T.Z0058\R5T.Z0058.csproj", "{7B16944A-8873-4FA2-9E16-35BB0F918204}"
EndProject
Project("{9A19103F-16F7-4668-BE54-9A1E7A4F7556}") = "R5T.T0206", "..\..\R5T.T0206\source\R5T.T0206\R5T.T0206.csproj", "{674B5411-022C-44AC-B5CC-39ACEE09D181}"
EndProject
Global
	GlobalSection(NestedProjects) = preSolution
		{4681F9C9-D4AC-4A51-9F87-7FF17DC0FE6A} = {7B76BF5C-5E62-454C-A256-3495A043400A}
		{126220C1-B24D-4BD7-9BAA-22015C3656B7} = {7B76BF5C-5E62-454C-A256-3495A043400A}
		{049B4B7E-29EF-4DE8-854E-8154B43255F8} = {7B76BF5C-5E62-454C-A256-3495A043400A}
		{BD9EFE85-F086-4006-BBA2-3ADABC6F324F} = {7B76BF5C-5E62-454C-A256-3495A043400A}
		{87E365FA-049C-471B-BD34-B9A427982167} = {7B76BF5C-5E62-454C-A256-3495A043400A}
		{E61AC173-2350-4766-86A6-AF45AE55F755} = {7B76BF5C-5E62-454C-A256-3495A043400A}
		{8F4E9713-5181-4ACE-A2C0-5CA3888B1E53} = {7B76BF5C-5E62-454C-A256-3495A043400A}
		{21B441DA-E1B8-41B8-A9CF-3387AF502B03} = {7B76BF5C-5E62-454C-A256-3495A043400A}
		{49203425-B961-42D8-85A3-857EF2D2631E} = {7B76BF5C-5E62-454C-A256-3495A043400A}
		{7E277D1F-18A2-4045-AB46-D8125FB55C8A} = {7B76BF5C-5E62-454C-A256-3495A043400A}
		{6ED4BD2F-DBC7-4117-8E8E-77BF9B72CC4F} = {7B76BF5C-5E62-454C-A256-3495A043400A}
		{79B09D3F-622F-4B66-B50C-CE239F17A82A} = {7B76BF5C-5E62-454C-A256-3495A043400A}
		{FCF47357-7FA2-4A0F-891E-5D019C67D032} = {7B76BF5C-5E62-454C-A256-3495A043400A}
		{30FA682D-CA34-42C0-9056-DD2D69329A8C} = {7B76BF5C-5E62-454C-A256-3495A043400A}
		{9903FDFC-EAE8-4370-8344-3B4A602BF9D2} = {7B76BF5C-5E62-454C-A256-3495A043400A}
		{E33336F0-BB37-4DA8-A5A8-D6A237C0A634} = {7B76BF5C-5E62-454C-A256-3495A043400A}
		{BA81A3DA-8075-45E3-9C5F-A3ED085F654E} = {7B76BF5C-5E62-454C-A256-3495A043400A}
		{E2264013-AAC1-49D8-AC50-4A8598F31121} = {7B76BF5C-5E62-454C-A256-3495A043400A}
		{9EFECF2F-6368-47C7-8B2D-4B01DF4BAD24} = {7B76BF5C-5E62-454C-A256-3495A043400A}
		{54F646DE-43AE-4522-A7FA-5BEBCA58524A} = {7B76BF5C-5E62-454C-A256-3495A043400A}
		{E96BDEAC-5A19-4E90-ABDA-F999E3F567F3} = {7B76BF5C-5E62-454C-A256-3495A043400A}
		{A7DCFB31-DE08-4C38-A6FD-8B83A9D444C7} = {7B76BF5C-5E62-454C-A256-3495A043400A}
		{E5299E45-B3D7-415D-97FC-95FA81D028F2} = {7B76BF5C-5E62-454C-A256-3495A043400A}
		{5FF35404-BF74-4C26-B41D-10B98C7529D3} = {7B76BF5C-5E62-454C-A256-3495A043400A}
		{4BE148DC-1A04-4849-982B-1B368CC61E05} = {7B76BF5C-5E62-454C-A256-3495A043400A}
		{A10C45B9-CAC7-439A-95BB-99CD7EB99EA9} = {7B76BF5C-5E62-454C-A256-3495A043400A}
		{6CCD6D1A-BF11-42D4-9C8D-750FDFF81FF2} = {7B76BF5C-5E62-454C-A256-3495A043400A}
		{CC3C793D-0340-43AF-9F38-CF1BD8CF0BAA} = {7B76BF5C-5E62-454C-A256-3495A043400A}
		{6B653F59-3B40-4FF5-83F5-C6B064D333FA} = {7B76BF5C-5E62-454C-A256-3495A043400A}
		{6A73C637-AB63-4A4B-BFB7-88453F7AD558} = {7B76BF5C-5E62-454C-A256-3495A043400A}
		{0E83F886-8C18-4B5C-8305-12A67EFCF13C} = {7B76BF5C-5E62-454C-A256-3495A043400A}
		{AA3F27DE-437E-4517-B211-7D83BB491403} = {7B76BF5C-5E62-454C-A256-3495A043400A}
		{A9004394-A4CD-421C-BE5D-BE92D53B980D} = {7B76BF5C-5E62-454C-A256-3495A043400A}
		{530BC738-D02A-40BF-BF38-D26968A1D058} = {7B76BF5C-5E62-454C-A256-3495A043400A}
		{43E51601-C46F-45DE-8010-D7D1C9EB2B49} = {7B76BF5C-5E62-454C-A256-3495A043400A}
		{597C7F68-F332-4013-9FD4-2258C6CB5C6D} = {7B76BF5C-5E62-454C-A256-3495A043400A}
		{B2FB5D64-ED26-4A90-B673-8CD3C2FBDBDD} = {7B76BF5C-5E62-454C-A256-3495A043400A}
		{1F470D7D-59EA-47FC-AAE0-6901E14A8D11} = {7B76BF5C-5E62-454C-A256-3495A043400A}
		{6315E869-A535-45A7-B224-1A5D0E246F60} = {7B76BF5C-5E62-454C-A256-3495A043400A}
		{140094D7-E0E6-4CB9-8C6E-552B7701218F} = {7B76BF5C-5E62-454C-A256-3495A043400A}
		{EC33A162-828E-4522-BC49-EF5CD4292543} = {7B76BF5C-5E62-454C-A256-3495A043400A}
		{FDE0DA32-ABE2-4F06-A883-C0105134B263} = {7B76BF5C-5E62-454C-A256-3495A043400A}
		{43125624-46F3-4D04-9D67-9EC6C25FEC98} = {7B76BF5C-5E62-454C-A256-3495A043400A}
		{B6A77A4F-4521-43B0-AE9F-C2A983CBA329} = {7B76BF5C-5E62-454C-A256-3495A043400A}
		{5684D47B-954A-496E-A286-AD6F91B03EE7} = {7B76BF5C-5E62-454C-A256-3495A043400A}
		{822983E1-292B-4E78-92D7-C8B19C7FD711} = {7B76BF5C-5E62-454C-A256-3495A043400A}
		{1A4BED48-EFF5-40E9-A143-2E8F329FEB9F} = {7B76BF5C-5E62-454C-A256-3495A043400A}
		{1135E75F-0149-48D3-A91B-0711A4E4B1C5} = {7B76BF5C-5E62-454C-A256-3495A043400A}
		{A351AB13-4F38-4E5C-80B2-2D547697EE78} = {7B76BF5C-5E62-454C-A256-3495A043400A}
		{49A325AC-C40C-4C30-B4A9-31CDC075B1A3} = {7B76BF5C-5E62-454C-A256-3495A043400A}
		{1D1E5F9D-1570-482E-B9D0-DF44055107AB} = {7B76BF5C-5E62-454C-A256-3495A043400A}
		{FDA20CB6-B279-4F42-8D4B-AB2D4742EBFC} = {7B76BF5C-5E62-454C-A256-3495A043400A}
		{70ECA5FD-5AD8-471D-B580-6A937CC7E7E4} = {7B76BF5C-5E62-454C-A256-3495A043400A}
		{7B16944A-8873-4FA2-9E16-35BB0F918204} = {7B76BF5C-5E62-454C-A256-3495A043400A}
		{674B5411-022C-44AC-B5CC-39ACEE09D181} = {7B76BF5C-5E62-454C-A256-3495A043400A}
	EndGlobalSection
	GlobalSection(SolutionConfigurationPlatforms) = preSolution
		Debug|Any CPU = Debug|Any CPU
		Release|Any CPU = Release|Any CPU
	EndGlobalSection
	GlobalSection(ProjectConfigurationPlatforms) = postSolution
		{2900A29A-FD99-4BF2-9BC8-72FBA7605D0A}.Debug|Any CPU.ActiveCfg = Debug|Any CPU
		{2900A29A-FD99-4BF2-9BC8-72FBA7605D0A}.Debug|Any CPU.Build.0 = Debug|Any CPU
		{2900A29A-FD99-4BF2-9BC8-72FBA7605D0A}.Release|Any CPU.ActiveCfg = Release|Any CPU
		{2900A29A-FD99-4BF2-9BC8-72FBA7605D0A}.Release|Any CPU.Build.0 = Release|Any CPU
		{1682AF64-59F5-4145-A8AF-760FE7982EC1}.Debug|Any CPU.ActiveCfg = Debug|Any CPU
		{1682AF64-59F5-4145-A8AF-760FE7982EC1}.Debug|Any CPU.Build.0 = Debug|Any CPU
		{1682AF64-59F5-4145-A8AF-760FE7982EC1}.Release|Any CPU.ActiveCfg = Release|Any CPU
		{1682AF64-59F5-4145-A8AF-760FE7982EC1}.Release|Any CPU.Build.0 = Release|Any CPU
		{4681F9C9-D4AC-4A51-9F87-7FF17DC0FE6A}.Debug|Any CPU.ActiveCfg = Debug|Any CPU
		{4681F9C9-D4AC-4A51-9F87-7FF17DC0FE6A}.Debug|Any CPU.Build.0 = Debug|Any CPU
		{4681F9C9-D4AC-4A51-9F87-7FF17DC0FE6A}.Release|Any CPU.ActiveCfg = Release|Any CPU
		{4681F9C9-D4AC-4A51-9F87-7FF17DC0FE6A}.Release|Any CPU.Build.0 = Release|Any CPU
		{126220C1-B24D-4BD7-9BAA-22015C3656B7}.Debug|Any CPU.ActiveCfg = Debug|Any CPU
		{126220C1-B24D-4BD7-9BAA-22015C3656B7}.Debug|Any CPU.Build.0 = Debug|Any CPU
		{126220C1-B24D-4BD7-9BAA-22015C3656B7}.Release|Any CPU.ActiveCfg = Release|Any CPU
		{126220C1-B24D-4BD7-9BAA-22015C3656B7}.Release|Any CPU.Build.0 = Release|Any CPU
		{049B4B7E-29EF-4DE8-854E-8154B43255F8}.Debug|Any CPU.ActiveCfg = Debug|Any CPU
		{049B4B7E-29EF-4DE8-854E-8154B43255F8}.Debug|Any CPU.Build.0 = Debug|Any CPU
		{049B4B7E-29EF-4DE8-854E-8154B43255F8}.Release|Any CPU.ActiveCfg = Release|Any CPU
		{049B4B7E-29EF-4DE8-854E-8154B43255F8}.Release|Any CPU.Build.0 = Release|Any CPU
		{BD9EFE85-F086-4006-BBA2-3ADABC6F324F}.Debug|Any CPU.ActiveCfg = Debug|Any CPU
		{BD9EFE85-F086-4006-BBA2-3ADABC6F324F}.Debug|Any CPU.Build.0 = Debug|Any CPU
		{BD9EFE85-F086-4006-BBA2-3ADABC6F324F}.Release|Any CPU.ActiveCfg = Release|Any CPU
		{BD9EFE85-F086-4006-BBA2-3ADABC6F324F}.Release|Any CPU.Build.0 = Release|Any CPU
		{87E365FA-049C-471B-BD34-B9A427982167}.Debug|Any CPU.ActiveCfg = Debug|Any CPU
		{87E365FA-049C-471B-BD34-B9A427982167}.Debug|Any CPU.Build.0 = Debug|Any CPU
		{87E365FA-049C-471B-BD34-B9A427982167}.Release|Any CPU.ActiveCfg = Release|Any CPU
		{87E365FA-049C-471B-BD34-B9A427982167}.Release|Any CPU.Build.0 = Release|Any CPU
		{E61AC173-2350-4766-86A6-AF45AE55F755}.Debug|Any CPU.ActiveCfg = Debug|Any CPU
		{E61AC173-2350-4766-86A6-AF45AE55F755}.Debug|Any CPU.Build.0 = Debug|Any CPU
		{E61AC173-2350-4766-86A6-AF45AE55F755}.Release|Any CPU.ActiveCfg = Release|Any CPU
		{E61AC173-2350-4766-86A6-AF45AE55F755}.Release|Any CPU.Build.0 = Release|Any CPU
		{8F4E9713-5181-4ACE-A2C0-5CA3888B1E53}.Debug|Any CPU.ActiveCfg = Debug|Any CPU
		{8F4E9713-5181-4ACE-A2C0-5CA3888B1E53}.Debug|Any CPU.Build.0 = Debug|Any CPU
		{8F4E9713-5181-4ACE-A2C0-5CA3888B1E53}.Release|Any CPU.ActiveCfg = Release|Any CPU
		{8F4E9713-5181-4ACE-A2C0-5CA3888B1E53}.Release|Any CPU.Build.0 = Release|Any CPU
		{21B441DA-E1B8-41B8-A9CF-3387AF502B03}.Debug|Any CPU.ActiveCfg = Debug|Any CPU
		{21B441DA-E1B8-41B8-A9CF-3387AF502B03}.Debug|Any CPU.Build.0 = Debug|Any CPU
		{21B441DA-E1B8-41B8-A9CF-3387AF502B03}.Release|Any CPU.ActiveCfg = Release|Any CPU
		{21B441DA-E1B8-41B8-A9CF-3387AF502B03}.Release|Any CPU.Build.0 = Release|Any CPU
		{49203425-B961-42D8-85A3-857EF2D2631E}.Debug|Any CPU.ActiveCfg = Debug|Any CPU
		{49203425-B961-42D8-85A3-857EF2D2631E}.Debug|Any CPU.Build.0 = Debug|Any CPU
		{49203425-B961-42D8-85A3-857EF2D2631E}.Release|Any CPU.ActiveCfg = Release|Any CPU
		{49203425-B961-42D8-85A3-857EF2D2631E}.Release|Any CPU.Build.0 = Release|Any CPU
		{7E277D1F-18A2-4045-AB46-D8125FB55C8A}.Debug|Any CPU.ActiveCfg = Debug|Any CPU
		{7E277D1F-18A2-4045-AB46-D8125FB55C8A}.Debug|Any CPU.Build.0 = Debug|Any CPU
		{7E277D1F-18A2-4045-AB46-D8125FB55C8A}.Release|Any CPU.ActiveCfg = Release|Any CPU
		{7E277D1F-18A2-4045-AB46-D8125FB55C8A}.Release|Any CPU.Build.0 = Release|Any CPU
		{6ED4BD2F-DBC7-4117-8E8E-77BF9B72CC4F}.Debug|Any CPU.ActiveCfg = Debug|Any CPU
		{6ED4BD2F-DBC7-4117-8E8E-77BF9B72CC4F}.Debug|Any CPU.Build.0 = Debug|Any CPU
		{6ED4BD2F-DBC7-4117-8E8E-77BF9B72CC4F}.Release|Any CPU.ActiveCfg = Release|Any CPU
		{6ED4BD2F-DBC7-4117-8E8E-77BF9B72CC4F}.Release|Any CPU.Build.0 = Release|Any CPU
		{79B09D3F-622F-4B66-B50C-CE239F17A82A}.Debug|Any CPU.ActiveCfg = Debug|Any CPU
		{79B09D3F-622F-4B66-B50C-CE239F17A82A}.Debug|Any CPU.Build.0 = Debug|Any CPU
		{79B09D3F-622F-4B66-B50C-CE239F17A82A}.Release|Any CPU.ActiveCfg = Release|Any CPU
		{79B09D3F-622F-4B66-B50C-CE239F17A82A}.Release|Any CPU.Build.0 = Release|Any CPU
		{FCF47357-7FA2-4A0F-891E-5D019C67D032}.Debug|Any CPU.ActiveCfg = Debug|Any CPU
		{FCF47357-7FA2-4A0F-891E-5D019C67D032}.Debug|Any CPU.Build.0 = Debug|Any CPU
		{FCF47357-7FA2-4A0F-891E-5D019C67D032}.Release|Any CPU.ActiveCfg = Release|Any CPU
		{FCF47357-7FA2-4A0F-891E-5D019C67D032}.Release|Any CPU.Build.0 = Release|Any CPU
		{30FA682D-CA34-42C0-9056-DD2D69329A8C}.Debug|Any CPU.ActiveCfg = Debug|Any CPU
		{30FA682D-CA34-42C0-9056-DD2D69329A8C}.Debug|Any CPU.Build.0 = Debug|Any CPU
		{30FA682D-CA34-42C0-9056-DD2D69329A8C}.Release|Any CPU.ActiveCfg = Release|Any CPU
		{30FA682D-CA34-42C0-9056-DD2D69329A8C}.Release|Any CPU.Build.0 = Release|Any CPU
		{9903FDFC-EAE8-4370-8344-3B4A602BF9D2}.Debug|Any CPU.ActiveCfg = Debug|Any CPU
		{9903FDFC-EAE8-4370-8344-3B4A602BF9D2}.Debug|Any CPU.Build.0 = Debug|Any CPU
		{9903FDFC-EAE8-4370-8344-3B4A602BF9D2}.Release|Any CPU.ActiveCfg = Release|Any CPU
		{9903FDFC-EAE8-4370-8344-3B4A602BF9D2}.Release|Any CPU.Build.0 = Release|Any CPU
		{E33336F0-BB37-4DA8-A5A8-D6A237C0A634}.Debug|Any CPU.ActiveCfg = Debug|Any CPU
		{E33336F0-BB37-4DA8-A5A8-D6A237C0A634}.Debug|Any CPU.Build.0 = Debug|Any CPU
		{E33336F0-BB37-4DA8-A5A8-D6A237C0A634}.Release|Any CPU.ActiveCfg = Release|Any CPU
		{E33336F0-BB37-4DA8-A5A8-D6A237C0A634}.Release|Any CPU.Build.0 = Release|Any CPU
		{704E7525-9427-4C5C-8435-F4C02EA54EAC}.Debug|Any CPU.ActiveCfg = Debug|Any CPU
		{704E7525-9427-4C5C-8435-F4C02EA54EAC}.Debug|Any CPU.Build.0 = Debug|Any CPU
		{704E7525-9427-4C5C-8435-F4C02EA54EAC}.Release|Any CPU.ActiveCfg = Release|Any CPU
		{704E7525-9427-4C5C-8435-F4C02EA54EAC}.Release|Any CPU.Build.0 = Release|Any CPU
		{BA81A3DA-8075-45E3-9C5F-A3ED085F654E}.Debug|Any CPU.ActiveCfg = Debug|Any CPU
		{BA81A3DA-8075-45E3-9C5F-A3ED085F654E}.Debug|Any CPU.Build.0 = Debug|Any CPU
		{BA81A3DA-8075-45E3-9C5F-A3ED085F654E}.Release|Any CPU.ActiveCfg = Release|Any CPU
		{BA81A3DA-8075-45E3-9C5F-A3ED085F654E}.Release|Any CPU.Build.0 = Release|Any CPU
		{E2264013-AAC1-49D8-AC50-4A8598F31121}.Debug|Any CPU.ActiveCfg = Debug|Any CPU
		{E2264013-AAC1-49D8-AC50-4A8598F31121}.Debug|Any CPU.Build.0 = Debug|Any CPU
		{E2264013-AAC1-49D8-AC50-4A8598F31121}.Release|Any CPU.ActiveCfg = Release|Any CPU
		{E2264013-AAC1-49D8-AC50-4A8598F31121}.Release|Any CPU.Build.0 = Release|Any CPU
		{9EFECF2F-6368-47C7-8B2D-4B01DF4BAD24}.Debug|Any CPU.ActiveCfg = Debug|Any CPU
		{9EFECF2F-6368-47C7-8B2D-4B01DF4BAD24}.Debug|Any CPU.Build.0 = Debug|Any CPU
		{9EFECF2F-6368-47C7-8B2D-4B01DF4BAD24}.Release|Any CPU.ActiveCfg = Release|Any CPU
		{9EFECF2F-6368-47C7-8B2D-4B01DF4BAD24}.Release|Any CPU.Build.0 = Release|Any CPU
		{54F646DE-43AE-4522-A7FA-5BEBCA58524A}.Debug|Any CPU.ActiveCfg = Debug|Any CPU
		{54F646DE-43AE-4522-A7FA-5BEBCA58524A}.Debug|Any CPU.Build.0 = Debug|Any CPU
		{54F646DE-43AE-4522-A7FA-5BEBCA58524A}.Release|Any CPU.ActiveCfg = Release|Any CPU
		{54F646DE-43AE-4522-A7FA-5BEBCA58524A}.Release|Any CPU.Build.0 = Release|Any CPU
		{E96BDEAC-5A19-4E90-ABDA-F999E3F567F3}.Debug|Any CPU.ActiveCfg = Debug|Any CPU
		{E96BDEAC-5A19-4E90-ABDA-F999E3F567F3}.Debug|Any CPU.Build.0 = Debug|Any CPU
		{E96BDEAC-5A19-4E90-ABDA-F999E3F567F3}.Release|Any CPU.ActiveCfg = Release|Any CPU
		{E96BDEAC-5A19-4E90-ABDA-F999E3F567F3}.Release|Any CPU.Build.0 = Release|Any CPU
		{A7DCFB31-DE08-4C38-A6FD-8B83A9D444C7}.Debug|Any CPU.ActiveCfg = Debug|Any CPU
		{A7DCFB31-DE08-4C38-A6FD-8B83A9D444C7}.Debug|Any CPU.Build.0 = Debug|Any CPU
		{A7DCFB31-DE08-4C38-A6FD-8B83A9D444C7}.Release|Any CPU.ActiveCfg = Release|Any CPU
		{A7DCFB31-DE08-4C38-A6FD-8B83A9D444C7}.Release|Any CPU.Build.0 = Release|Any CPU
		{E5299E45-B3D7-415D-97FC-95FA81D028F2}.Debug|Any CPU.ActiveCfg = Debug|Any CPU
		{E5299E45-B3D7-415D-97FC-95FA81D028F2}.Debug|Any CPU.Build.0 = Debug|Any CPU
		{E5299E45-B3D7-415D-97FC-95FA81D028F2}.Release|Any CPU.ActiveCfg = Release|Any CPU
		{E5299E45-B3D7-415D-97FC-95FA81D028F2}.Release|Any CPU.Build.0 = Release|Any CPU
		{5FF35404-BF74-4C26-B41D-10B98C7529D3}.Debug|Any CPU.ActiveCfg = Debug|Any CPU
		{5FF35404-BF74-4C26-B41D-10B98C7529D3}.Debug|Any CPU.Build.0 = Debug|Any CPU
		{5FF35404-BF74-4C26-B41D-10B98C7529D3}.Release|Any CPU.ActiveCfg = Release|Any CPU
		{5FF35404-BF74-4C26-B41D-10B98C7529D3}.Release|Any CPU.Build.0 = Release|Any CPU
		{4BE148DC-1A04-4849-982B-1B368CC61E05}.Debug|Any CPU.ActiveCfg = Debug|Any CPU
		{4BE148DC-1A04-4849-982B-1B368CC61E05}.Debug|Any CPU.Build.0 = Debug|Any CPU
		{4BE148DC-1A04-4849-982B-1B368CC61E05}.Release|Any CPU.ActiveCfg = Release|Any CPU
		{4BE148DC-1A04-4849-982B-1B368CC61E05}.Release|Any CPU.Build.0 = Release|Any CPU
		{A10C45B9-CAC7-439A-95BB-99CD7EB99EA9}.Debug|Any CPU.ActiveCfg = Debug|Any CPU
		{A10C45B9-CAC7-439A-95BB-99CD7EB99EA9}.Debug|Any CPU.Build.0 = Debug|Any CPU
		{A10C45B9-CAC7-439A-95BB-99CD7EB99EA9}.Release|Any CPU.ActiveCfg = Release|Any CPU
		{A10C45B9-CAC7-439A-95BB-99CD7EB99EA9}.Release|Any CPU.Build.0 = Release|Any CPU
		{6CCD6D1A-BF11-42D4-9C8D-750FDFF81FF2}.Debug|Any CPU.ActiveCfg = Debug|Any CPU
		{6CCD6D1A-BF11-42D4-9C8D-750FDFF81FF2}.Debug|Any CPU.Build.0 = Debug|Any CPU
		{6CCD6D1A-BF11-42D4-9C8D-750FDFF81FF2}.Release|Any CPU.ActiveCfg = Release|Any CPU
		{6CCD6D1A-BF11-42D4-9C8D-750FDFF81FF2}.Release|Any CPU.Build.0 = Release|Any CPU
		{CC3C793D-0340-43AF-9F38-CF1BD8CF0BAA}.Debug|Any CPU.ActiveCfg = Debug|Any CPU
		{CC3C793D-0340-43AF-9F38-CF1BD8CF0BAA}.Debug|Any CPU.Build.0 = Debug|Any CPU
		{CC3C793D-0340-43AF-9F38-CF1BD8CF0BAA}.Release|Any CPU.ActiveCfg = Release|Any CPU
		{CC3C793D-0340-43AF-9F38-CF1BD8CF0BAA}.Release|Any CPU.Build.0 = Release|Any CPU
		{6B653F59-3B40-4FF5-83F5-C6B064D333FA}.Debug|Any CPU.ActiveCfg = Debug|Any CPU
		{6B653F59-3B40-4FF5-83F5-C6B064D333FA}.Debug|Any CPU.Build.0 = Debug|Any CPU
		{6B653F59-3B40-4FF5-83F5-C6B064D333FA}.Release|Any CPU.ActiveCfg = Release|Any CPU
		{6B653F59-3B40-4FF5-83F5-C6B064D333FA}.Release|Any CPU.Build.0 = Release|Any CPU
		{6A73C637-AB63-4A4B-BFB7-88453F7AD558}.Debug|Any CPU.ActiveCfg = Debug|Any CPU
		{6A73C637-AB63-4A4B-BFB7-88453F7AD558}.Debug|Any CPU.Build.0 = Debug|Any CPU
		{6A73C637-AB63-4A4B-BFB7-88453F7AD558}.Release|Any CPU.ActiveCfg = Release|Any CPU
		{6A73C637-AB63-4A4B-BFB7-88453F7AD558}.Release|Any CPU.Build.0 = Release|Any CPU
		{0E83F886-8C18-4B5C-8305-12A67EFCF13C}.Debug|Any CPU.ActiveCfg = Debug|Any CPU
		{0E83F886-8C18-4B5C-8305-12A67EFCF13C}.Debug|Any CPU.Build.0 = Debug|Any CPU
		{0E83F886-8C18-4B5C-8305-12A67EFCF13C}.Release|Any CPU.ActiveCfg = Release|Any CPU
		{0E83F886-8C18-4B5C-8305-12A67EFCF13C}.Release|Any CPU.Build.0 = Release|Any CPU
		{AA3F27DE-437E-4517-B211-7D83BB491403}.Debug|Any CPU.ActiveCfg = Debug|Any CPU
		{AA3F27DE-437E-4517-B211-7D83BB491403}.Debug|Any CPU.Build.0 = Debug|Any CPU
		{AA3F27DE-437E-4517-B211-7D83BB491403}.Release|Any CPU.ActiveCfg = Release|Any CPU
		{AA3F27DE-437E-4517-B211-7D83BB491403}.Release|Any CPU.Build.0 = Release|Any CPU
		{A9004394-A4CD-421C-BE5D-BE92D53B980D}.Debug|Any CPU.ActiveCfg = Debug|Any CPU
		{A9004394-A4CD-421C-BE5D-BE92D53B980D}.Debug|Any CPU.Build.0 = Debug|Any CPU
		{A9004394-A4CD-421C-BE5D-BE92D53B980D}.Release|Any CPU.ActiveCfg = Release|Any CPU
		{A9004394-A4CD-421C-BE5D-BE92D53B980D}.Release|Any CPU.Build.0 = Release|Any CPU
		{530BC738-D02A-40BF-BF38-D26968A1D058}.Debug|Any CPU.ActiveCfg = Debug|Any CPU
		{530BC738-D02A-40BF-BF38-D26968A1D058}.Debug|Any CPU.Build.0 = Debug|Any CPU
		{530BC738-D02A-40BF-BF38-D26968A1D058}.Release|Any CPU.ActiveCfg = Release|Any CPU
		{530BC738-D02A-40BF-BF38-D26968A1D058}.Release|Any CPU.Build.0 = Release|Any CPU
		{43E51601-C46F-45DE-8010-D7D1C9EB2B49}.Debug|Any CPU.ActiveCfg = Debug|Any CPU
		{43E51601-C46F-45DE-8010-D7D1C9EB2B49}.Debug|Any CPU.Build.0 = Debug|Any CPU
		{43E51601-C46F-45DE-8010-D7D1C9EB2B49}.Release|Any CPU.ActiveCfg = Release|Any CPU
		{43E51601-C46F-45DE-8010-D7D1C9EB2B49}.Release|Any CPU.Build.0 = Release|Any CPU
		{597C7F68-F332-4013-9FD4-2258C6CB5C6D}.Debug|Any CPU.ActiveCfg = Debug|Any CPU
		{597C7F68-F332-4013-9FD4-2258C6CB5C6D}.Debug|Any CPU.Build.0 = Debug|Any CPU
		{597C7F68-F332-4013-9FD4-2258C6CB5C6D}.Release|Any CPU.ActiveCfg = Release|Any CPU
		{597C7F68-F332-4013-9FD4-2258C6CB5C6D}.Release|Any CPU.Build.0 = Release|Any CPU
		{B2FB5D64-ED26-4A90-B673-8CD3C2FBDBDD}.Debug|Any CPU.ActiveCfg = Debug|Any CPU
		{B2FB5D64-ED26-4A90-B673-8CD3C2FBDBDD}.Debug|Any CPU.Build.0 = Debug|Any CPU
		{B2FB5D64-ED26-4A90-B673-8CD3C2FBDBDD}.Release|Any CPU.ActiveCfg = Release|Any CPU
		{B2FB5D64-ED26-4A90-B673-8CD3C2FBDBDD}.Release|Any CPU.Build.0 = Release|Any CPU
		{1F470D7D-59EA-47FC-AAE0-6901E14A8D11}.Debug|Any CPU.ActiveCfg = Debug|Any CPU
		{1F470D7D-59EA-47FC-AAE0-6901E14A8D11}.Debug|Any CPU.Build.0 = Debug|Any CPU
		{1F470D7D-59EA-47FC-AAE0-6901E14A8D11}.Release|Any CPU.ActiveCfg = Release|Any CPU
		{1F470D7D-59EA-47FC-AAE0-6901E14A8D11}.Release|Any CPU.Build.0 = Release|Any CPU
		{6315E869-A535-45A7-B224-1A5D0E246F60}.Debug|Any CPU.ActiveCfg = Debug|Any CPU
		{6315E869-A535-45A7-B224-1A5D0E246F60}.Debug|Any CPU.Build.0 = Debug|Any CPU
		{6315E869-A535-45A7-B224-1A5D0E246F60}.Release|Any CPU.ActiveCfg = Release|Any CPU
		{6315E869-A535-45A7-B224-1A5D0E246F60}.Release|Any CPU.Build.0 = Release|Any CPU
		{140094D7-E0E6-4CB9-8C6E-552B7701218F}.Debug|Any CPU.ActiveCfg = Debug|Any CPU
		{140094D7-E0E6-4CB9-8C6E-552B7701218F}.Debug|Any CPU.Build.0 = Debug|Any CPU
		{140094D7-E0E6-4CB9-8C6E-552B7701218F}.Release|Any CPU.ActiveCfg = Release|Any CPU
		{140094D7-E0E6-4CB9-8C6E-552B7701218F}.Release|Any CPU.Build.0 = Release|Any CPU
		{EC33A162-828E-4522-BC49-EF5CD4292543}.Debug|Any CPU.ActiveCfg = Debug|Any CPU
		{EC33A162-828E-4522-BC49-EF5CD4292543}.Debug|Any CPU.Build.0 = Debug|Any CPU
		{EC33A162-828E-4522-BC49-EF5CD4292543}.Release|Any CPU.ActiveCfg = Release|Any CPU
		{EC33A162-828E-4522-BC49-EF5CD4292543}.Release|Any CPU.Build.0 = Release|Any CPU
		{FDE0DA32-ABE2-4F06-A883-C0105134B263}.Debug|Any CPU.ActiveCfg = Debug|Any CPU
		{FDE0DA32-ABE2-4F06-A883-C0105134B263}.Debug|Any CPU.Build.0 = Debug|Any CPU
		{FDE0DA32-ABE2-4F06-A883-C0105134B263}.Release|Any CPU.ActiveCfg = Release|Any CPU
		{FDE0DA32-ABE2-4F06-A883-C0105134B263}.Release|Any CPU.Build.0 = Release|Any CPU
		{43125624-46F3-4D04-9D67-9EC6C25FEC98}.Debug|Any CPU.ActiveCfg = Debug|Any CPU
		{43125624-46F3-4D04-9D67-9EC6C25FEC98}.Debug|Any CPU.Build.0 = Debug|Any CPU
		{43125624-46F3-4D04-9D67-9EC6C25FEC98}.Release|Any CPU.ActiveCfg = Release|Any CPU
		{43125624-46F3-4D04-9D67-9EC6C25FEC98}.Release|Any CPU.Build.0 = Release|Any CPU
		{B6A77A4F-4521-43B0-AE9F-C2A983CBA329}.Debug|Any CPU.ActiveCfg = Debug|Any CPU
		{B6A77A4F-4521-43B0-AE9F-C2A983CBA329}.Debug|Any CPU.Build.0 = Debug|Any CPU
		{B6A77A4F-4521-43B0-AE9F-C2A983CBA329}.Release|Any CPU.ActiveCfg = Release|Any CPU
		{B6A77A4F-4521-43B0-AE9F-C2A983CBA329}.Release|Any CPU.Build.0 = Release|Any CPU
		{5684D47B-954A-496E-A286-AD6F91B03EE7}.Debug|Any CPU.ActiveCfg = Debug|Any CPU
		{5684D47B-954A-496E-A286-AD6F91B03EE7}.Debug|Any CPU.Build.0 = Debug|Any CPU
		{5684D47B-954A-496E-A286-AD6F91B03EE7}.Release|Any CPU.ActiveCfg = Release|Any CPU
		{5684D47B-954A-496E-A286-AD6F91B03EE7}.Release|Any CPU.Build.0 = Release|Any CPU
		{822983E1-292B-4E78-92D7-C8B19C7FD711}.Debug|Any CPU.ActiveCfg = Debug|Any CPU
		{822983E1-292B-4E78-92D7-C8B19C7FD711}.Debug|Any CPU.Build.0 = Debug|Any CPU
		{822983E1-292B-4E78-92D7-C8B19C7FD711}.Release|Any CPU.ActiveCfg = Release|Any CPU
		{822983E1-292B-4E78-92D7-C8B19C7FD711}.Release|Any CPU.Build.0 = Release|Any CPU
		{1A4BED48-EFF5-40E9-A143-2E8F329FEB9F}.Debug|Any CPU.ActiveCfg = Debug|Any CPU
		{1A4BED48-EFF5-40E9-A143-2E8F329FEB9F}.Debug|Any CPU.Build.0 = Debug|Any CPU
		{1A4BED48-EFF5-40E9-A143-2E8F329FEB9F}.Release|Any CPU.ActiveCfg = Release|Any CPU
		{1A4BED48-EFF5-40E9-A143-2E8F329FEB9F}.Release|Any CPU.Build.0 = Release|Any CPU
		{1135E75F-0149-48D3-A91B-0711A4E4B1C5}.Debug|Any CPU.ActiveCfg = Debug|Any CPU
		{1135E75F-0149-48D3-A91B-0711A4E4B1C5}.Debug|Any CPU.Build.0 = Debug|Any CPU
		{1135E75F-0149-48D3-A91B-0711A4E4B1C5}.Release|Any CPU.ActiveCfg = Release|Any CPU
		{1135E75F-0149-48D3-A91B-0711A4E4B1C5}.Release|Any CPU.Build.0 = Release|Any CPU
		{A351AB13-4F38-4E5C-80B2-2D547697EE78}.Debug|Any CPU.ActiveCfg = Debug|Any CPU
		{A351AB13-4F38-4E5C-80B2-2D547697EE78}.Debug|Any CPU.Build.0 = Debug|Any CPU
		{A351AB13-4F38-4E5C-80B2-2D547697EE78}.Release|Any CPU.ActiveCfg = Release|Any CPU
		{A351AB13-4F38-4E5C-80B2-2D547697EE78}.Release|Any CPU.Build.0 = Release|Any CPU
		{49A325AC-C40C-4C30-B4A9-31CDC075B1A3}.Debug|Any CPU.ActiveCfg = Debug|Any CPU
		{49A325AC-C40C-4C30-B4A9-31CDC075B1A3}.Debug|Any CPU.Build.0 = Debug|Any CPU
		{49A325AC-C40C-4C30-B4A9-31CDC075B1A3}.Release|Any CPU.ActiveCfg = Release|Any CPU
		{49A325AC-C40C-4C30-B4A9-31CDC075B1A3}.Release|Any CPU.Build.0 = Release|Any CPU
		{1D1E5F9D-1570-482E-B9D0-DF44055107AB}.Debug|Any CPU.ActiveCfg = Debug|Any CPU
		{1D1E5F9D-1570-482E-B9D0-DF44055107AB}.Debug|Any CPU.Build.0 = Debug|Any CPU
		{1D1E5F9D-1570-482E-B9D0-DF44055107AB}.Release|Any CPU.ActiveCfg = Release|Any CPU
		{1D1E5F9D-1570-482E-B9D0-DF44055107AB}.Release|Any CPU.Build.0 = Release|Any CPU
		{FDA20CB6-B279-4F42-8D4B-AB2D4742EBFC}.Debug|Any CPU.ActiveCfg = Debug|Any CPU
		{FDA20CB6-B279-4F42-8D4B-AB2D4742EBFC}.Debug|Any CPU.Build.0 = Debug|Any CPU
		{FDA20CB6-B279-4F42-8D4B-AB2D4742EBFC}.Release|Any CPU.ActiveCfg = Release|Any CPU
		{FDA20CB6-B279-4F42-8D4B-AB2D4742EBFC}.Release|Any CPU.Build.0 = Release|Any CPU
		{70ECA5FD-5AD8-471D-B580-6A937CC7E7E4}.Debug|Any CPU.ActiveCfg = Debug|Any CPU
		{70ECA5FD-5AD8-471D-B580-6A937CC7E7E4}.Debug|Any CPU.Build.0 = Debug|Any CPU
		{70ECA5FD-5AD8-471D-B580-6A937CC7E7E4}.Release|Any CPU.ActiveCfg = Release|Any CPU
		{70ECA5FD-5AD8-471D-B580-6A937CC7E7E4}.Release|Any CPU.Build.0 = Release|Any CPU
		{7B16944A-8873-4FA2-9E16-35BB0F918204}.Debug|Any CPU.ActiveCfg = Debug|Any CPU
		{7B16944A-8873-4FA2-9E16-35BB0F918204}.Debug|Any CPU.Build.0 = Debug|Any CPU
		{7B16944A-8873-4FA2-9E16-35BB0F918204}.Release|Any CPU.ActiveCfg = Release|Any CPU
		{7B16944A-8873-4FA2-9E16-35BB0F918204}.Release|Any CPU.Build.0 = Release|Any CPU
		{674B5411-022C-44AC-B5CC-39ACEE09D181}.Debug|Any CPU.ActiveCfg = Debug|Any CPU
		{674B5411-022C-44AC-B5CC-39ACEE09D181}.Debug|Any CPU.Build.0 = Debug|Any CPU
		{674B5411-022C-44AC-B5CC-39ACEE09D181}.Release|Any CPU.ActiveCfg = Release|Any CPU
		{674B5411-022C-44AC-B5CC-39ACEE09D181}.Release|Any CPU.Build.0 = Release|Any CPU
	EndGlobalSection
	GlobalSection(SolutionProperties) = preSolution
		HideSolutionNode = FALSE
	EndGlobalSection
	GlobalSection(ExtensibilityGlobals) = postSolution
		SolutionGuid = {C4D07EC2-5952-4FDB-8FDB-BFE5C5F9F3C8}
	EndGlobalSection
EndGlobal
