
Microsoft Visual Studio Solution File, Format Version 12.00
# Visual Studio Version 17
VisualStudioVersion = 17.2.32630.192
MinimumVisualStudioVersion = 10.0.40219.1
Project("{9A19103F-16F7-4668-BE54-9A1E7A4F7556}") = "R5T.Z0050", "R5T.Z0050\R5T.Z0050.csproj", "{020E3EF1-19EC-469D-B5CA-0A7E81464BAA}"
EndProject
Project("{2150E333-8FDC-42A3-9474-1A3956D46DE8}") = "_Dependencies", "_Dependencies", "{8E2201D6-02C7-4419-930E-A3C5EA8F4054}"
EndProject
Project("{9A19103F-16F7-4668-BE54-9A1E7A4F7556}") = "R5T.F0000", "..\..\R5T.F0000\source\R5T.F0000\R5T.F0000.csproj", "{4F40D0A8-25E4-4019-85D9-48F5E9A10FFC}"
EndProject
Project("{9A19103F-16F7-4668-BE54-9A1E7A4F7556}") = "R5T.T0131", "..\..\R5T.T0131\source\R5T.T0131\R5T.T0131.csproj", "{986141F9-8025-406E-8B53-D3EC2C1B13EF}"
EndProject
Project("{9A19103F-16F7-4668-BE54-9A1E7A4F7556}") = "R5T.T0132", "..\..\R5T.T0132\source\R5T.T0132\R5T.T0132.csproj", "{8ECB313D-5D9E-45FD-AEFE-FA5B389968DA}"
EndProject
Project("{9A19103F-16F7-4668-BE54-9A1E7A4F7556}") = "R5T.T0142", "..\..\R5T.T0142\source\R5T.T0142\R5T.T0142.csproj", "{808327C2-ACF2-4542-BEC1-CBF70CA968AD}"
EndProject
Project("{9A19103F-16F7-4668-BE54-9A1E7A4F7556}") = "R5T.T0143", "..\..\R5T.T0143\source\R5T.T0143\R5T.T0143.csproj", "{33D57830-8031-486E-96CE-B5D7311B56F4}"
EndProject
Project("{9A19103F-16F7-4668-BE54-9A1E7A4F7556}") = "R5T.T0156", "..\..\R5T.T0156\source\R5T.T0156\R5T.T0156.csproj", "{D4CB77F3-0A08-488D-B836-E3EAC9EE9CEC}"
EndProject
Project("{9A19103F-16F7-4668-BE54-9A1E7A4F7556}") = "R5T.T0178", "..\..\R5T.T0178\source\R5T.T0178\R5T.T0178.csproj", "{F2897826-95CD-433A-B2FC-FB72A2B335FF}"
EndProject
Project("{9A19103F-16F7-4668-BE54-9A1E7A4F7556}") = "R5T.T0179", "..\..\R5T.T0179\source\R5T.T0179\R5T.T0179.csproj", "{7C5B26A6-8333-4CC3-A8F5-649E88D85CC3}"
EndProject
Project("{9A19103F-16F7-4668-BE54-9A1E7A4F7556}") = "R5T.T0205", "..\..\R5T.T0205\source\R5T.T0205\R5T.T0205.csproj", "{C308DCDC-56E2-41D8-9765-CC201781B17B}"
EndProject
Project("{9A19103F-16F7-4668-BE54-9A1E7A4F7556}") = "R5T.Y0000", "..\..\R5T.Y0000\source\R5T.Y0000\R5T.Y0000.csproj", "{1868969F-1C49-41DE-B6F9-25ACC88B7AE7}"
EndProject
Project("{9A19103F-16F7-4668-BE54-9A1E7A4F7556}") = "R5T.Z0000", "..\..\R5T.Z0000\source\R5T.Z0000\R5T.Z0000.csproj", "{837CE61D-7CEF-4796-9266-C514211969E1}"
EndProject
Global
	GlobalSection(NestedProjects) = preSolution
		{4F40D0A8-25E4-4019-85D9-48F5E9A10FFC} = {8E2201D6-02C7-4419-930E-A3C5EA8F4054}
		{986141F9-8025-406E-8B53-D3EC2C1B13EF} = {8E2201D6-02C7-4419-930E-A3C5EA8F4054}
		{8ECB313D-5D9E-45FD-AEFE-FA5B389968DA} = {8E2201D6-02C7-4419-930E-A3C5EA8F4054}
		{808327C2-ACF2-4542-BEC1-CBF70CA968AD} = {8E2201D6-02C7-4419-930E-A3C5EA8F4054}
		{33D57830-8031-486E-96CE-B5D7311B56F4} = {8E2201D6-02C7-4419-930E-A3C5EA8F4054}
		{D4CB77F3-0A08-488D-B836-E3EAC9EE9CEC} = {8E2201D6-02C7-4419-930E-A3C5EA8F4054}
		{F2897826-95CD-433A-B2FC-FB72A2B335FF} = {8E2201D6-02C7-4419-930E-A3C5EA8F4054}
		{7C5B26A6-8333-4CC3-A8F5-649E88D85CC3} = {8E2201D6-02C7-4419-930E-A3C5EA8F4054}
		{C308DCDC-56E2-41D8-9765-CC201781B17B} = {8E2201D6-02C7-4419-930E-A3C5EA8F4054}
		{1868969F-1C49-41DE-B6F9-25ACC88B7AE7} = {8E2201D6-02C7-4419-930E-A3C5EA8F4054}
		{837CE61D-7CEF-4796-9266-C514211969E1} = {8E2201D6-02C7-4419-930E-A3C5EA8F4054}
	EndGlobalSection
	GlobalSection(SolutionConfigurationPlatforms) = preSolution
		Debug|Any CPU = Debug|Any CPU
		Release|Any CPU = Release|Any CPU
	EndGlobalSection
	GlobalSection(ProjectConfigurationPlatforms) = postSolution
		{020E3EF1-19EC-469D-B5CA-0A7E81464BAA}.Debug|Any CPU.ActiveCfg = Debug|Any CPU
		{020E3EF1-19EC-469D-B5CA-0A7E81464BAA}.Debug|Any CPU.Build.0 = Debug|Any CPU
		{020E3EF1-19EC-469D-B5CA-0A7E81464BAA}.Release|Any CPU.ActiveCfg = Release|Any CPU
		{020E3EF1-19EC-469D-B5CA-0A7E81464BAA}.Release|Any CPU.Build.0 = Release|Any CPU
		{4F40D0A8-25E4-4019-85D9-48F5E9A10FFC}.Debug|Any CPU.ActiveCfg = Debug|Any CPU
		{4F40D0A8-25E4-4019-85D9-48F5E9A10FFC}.Debug|Any CPU.Build.0 = Debug|Any CPU
		{4F40D0A8-25E4-4019-85D9-48F5E9A10FFC}.Release|Any CPU.ActiveCfg = Release|Any CPU
		{4F40D0A8-25E4-4019-85D9-48F5E9A10FFC}.Release|Any CPU.Build.0 = Release|Any CPU
		{986141F9-8025-406E-8B53-D3EC2C1B13EF}.Debug|Any CPU.ActiveCfg = Debug|Any CPU
		{986141F9-8025-406E-8B53-D3EC2C1B13EF}.Debug|Any CPU.Build.0 = Debug|Any CPU
		{986141F9-8025-406E-8B53-D3EC2C1B13EF}.Release|Any CPU.ActiveCfg = Release|Any CPU
		{986141F9-8025-406E-8B53-D3EC2C1B13EF}.Release|Any CPU.Build.0 = Release|Any CPU
		{8ECB313D-5D9E-45FD-AEFE-FA5B389968DA}.Debug|Any CPU.ActiveCfg = Debug|Any CPU
		{8ECB313D-5D9E-45FD-AEFE-FA5B389968DA}.Debug|Any CPU.Build.0 = Debug|Any CPU
		{8ECB313D-5D9E-45FD-AEFE-FA5B389968DA}.Release|Any CPU.ActiveCfg = Release|Any CPU
		{8ECB313D-5D9E-45FD-AEFE-FA5B389968DA}.Release|Any CPU.Build.0 = Release|Any CPU
		{808327C2-ACF2-4542-BEC1-CBF70CA968AD}.Debug|Any CPU.ActiveCfg = Debug|Any CPU
		{808327C2-ACF2-4542-BEC1-CBF70CA968AD}.Debug|Any CPU.Build.0 = Debug|Any CPU
		{808327C2-ACF2-4542-BEC1-CBF70CA968AD}.Release|Any CPU.ActiveCfg = Release|Any CPU
		{808327C2-ACF2-4542-BEC1-CBF70CA968AD}.Release|Any CPU.Build.0 = Release|Any CPU
		{33D57830-8031-486E-96CE-B5D7311B56F4}.Debug|Any CPU.ActiveCfg = Debug|Any CPU
		{33D57830-8031-486E-96CE-B5D7311B56F4}.Debug|Any CPU.Build.0 = Debug|Any CPU
		{33D57830-8031-486E-96CE-B5D7311B56F4}.Release|Any CPU.ActiveCfg = Release|Any CPU
		{33D57830-8031-486E-96CE-B5D7311B56F4}.Release|Any CPU.Build.0 = Release|Any CPU
		{D4CB77F3-0A08-488D-B836-E3EAC9EE9CEC}.Debug|Any CPU.ActiveCfg = Debug|Any CPU
		{D4CB77F3-0A08-488D-B836-E3EAC9EE9CEC}.Debug|Any CPU.Build.0 = Debug|Any CPU
		{D4CB77F3-0A08-488D-B836-E3EAC9EE9CEC}.Release|Any CPU.ActiveCfg = Release|Any CPU
		{D4CB77F3-0A08-488D-B836-E3EAC9EE9CEC}.Release|Any CPU.Build.0 = Release|Any CPU
		{F2897826-95CD-433A-B2FC-FB72A2B335FF}.Debug|Any CPU.ActiveCfg = Debug|Any CPU
		{F2897826-95CD-433A-B2FC-FB72A2B335FF}.Debug|Any CPU.Build.0 = Debug|Any CPU
		{F2897826-95CD-433A-B2FC-FB72A2B335FF}.Release|Any CPU.ActiveCfg = Release|Any CPU
		{F2897826-95CD-433A-B2FC-FB72A2B335FF}.Release|Any CPU.Build.0 = Release|Any CPU
		{7C5B26A6-8333-4CC3-A8F5-649E88D85CC3}.Debug|Any CPU.ActiveCfg = Debug|Any CPU
		{7C5B26A6-8333-4CC3-A8F5-649E88D85CC3}.Debug|Any CPU.Build.0 = Debug|Any CPU
		{7C5B26A6-8333-4CC3-A8F5-649E88D85CC3}.Release|Any CPU.ActiveCfg = Release|Any CPU
		{7C5B26A6-8333-4CC3-A8F5-649E88D85CC3}.Release|Any CPU.Build.0 = Release|Any CPU
		{C308DCDC-56E2-41D8-9765-CC201781B17B}.Debug|Any CPU.ActiveCfg = Debug|Any CPU
		{C308DCDC-56E2-41D8-9765-CC201781B17B}.Debug|Any CPU.Build.0 = Debug|Any CPU
		{C308DCDC-56E2-41D8-9765-CC201781B17B}.Release|Any CPU.ActiveCfg = Release|Any CPU
		{C308DCDC-56E2-41D8-9765-CC201781B17B}.Release|Any CPU.Build.0 = Release|Any CPU
		{1868969F-1C49-41DE-B6F9-25ACC88B7AE7}.Debug|Any CPU.ActiveCfg = Debug|Any CPU
		{1868969F-1C49-41DE-B6F9-25ACC88B7AE7}.Debug|Any CPU.Build.0 = Debug|Any CPU
		{1868969F-1C49-41DE-B6F9-25ACC88B7AE7}.Release|Any CPU.ActiveCfg = Release|Any CPU
		{1868969F-1C49-41DE-B6F9-25ACC88B7AE7}.Release|Any CPU.Build.0 = Release|Any CPU
		{837CE61D-7CEF-4796-9266-C514211969E1}.Debug|Any CPU.ActiveCfg = Debug|Any CPU
		{837CE61D-7CEF-4796-9266-C514211969E1}.Debug|Any CPU.Build.0 = Debug|Any CPU
		{837CE61D-7CEF-4796-9266-C514211969E1}.Release|Any CPU.ActiveCfg = Release|Any CPU
		{837CE61D-7CEF-4796-9266-C514211969E1}.Release|Any CPU.Build.0 = Release|Any CPU
	EndGlobalSection
	GlobalSection(SolutionProperties) = preSolution
		HideSolutionNode = FALSE
	EndGlobalSection
	GlobalSection(ExtensibilityGlobals) = postSolution
		SolutionGuid = {305F116C-EA57-40F9-B2C9-410BFAA92BAF}
	EndGlobalSection
EndGlobal
